
Microsoft Visual Studio Solution File, Format Version 12.00
# Visual Studio Version 17
VisualStudioVersion = 17.0.31912.275
MinimumVisualStudioVersion = 10.0.40219.1
Project("{FAE04EC0-301F-11D3-BF4B-00C04F79EFBC}") = "FreecamRoll", "FreecamRoll\FreecamRoll.csproj", "{D29C74F4-013B-4266-A666-3CD03FF9DB34}"
EndProject
Global
	GlobalSection(SolutionConfigurationPlatforms) = preSolution
		Debug|Any CPU = Debug|Any CPU
		Release|Any CPU = Release|Any CPU
	EndGlobalSection
	GlobalSection(ProjectConfigurationPlatforms) = postSolution
		{D29C74F4-013B-4266-A666-3CD03FF9DB34}.Debug|Any CPU.ActiveCfg = Debug|Any CPU
		{D29C74F4-013B-4266-A666-3CD03FF9DB34}.Debug|Any CPU.Build.0 = Debug|Any CPU
		{D29C74F4-013B-4266-A666-3CD03FF9DB34}.Release|Any CPU.ActiveCfg = Release|Any CPU
		{D29C74F4-013B-4266-A666-3CD03FF9DB34}.Release|Any CPU.Build.0 = Release|Any CPU
	EndGlobalSection
	GlobalSection(SolutionProperties) = preSolution
		HideSolutionNode = FALSE
	EndGlobalSection
	GlobalSection(ExtensibilityGlobals) = postSolution
		SolutionGuid = {4C59D5F4-5110-4C65-AF0B-D931D8F69C10}
	EndGlobalSection
EndGlobal
