
Microsoft Visual Studio Solution File, Format Version 12.00
# Visual Studio Version 17
VisualStudioVersion = 17.6.33829.357
MinimumVisualStudioVersion = 10.0.40219.1
Project("{FAE04EC0-301F-11D3-BF4B-00C04F79EFBC}") = "GargScales", "GargScales.csproj", "{24F13529-CCD3-4BCC-8301-CC058761E8B0}"
EndProject
Global
	GlobalSection(SolutionConfigurationPlatforms) = preSolution
		Debug|Any CPU = Debug|Any CPU
		Release|Any CPU = Release|Any CPU
	EndGlobalSection
	GlobalSection(ProjectConfigurationPlatforms) = postSolution
		{24F13529-CCD3-4BCC-8301-CC058761E8B0}.Debug|Any CPU.ActiveCfg = Debug|Any CPU
		{24F13529-CCD3-4BCC-8301-CC058761E8B0}.Debug|Any CPU.Build.0 = Debug|Any CPU
		{24F13529-CCD3-4BCC-8301-CC058761E8B0}.Release|Any CPU.ActiveCfg = Release|Any CPU
		{24F13529-CCD3-4BCC-8301-CC058761E8B0}.Release|Any CPU.Build.0 = Release|Any CPU
	EndGlobalSection
	GlobalSection(SolutionProperties) = preSolution
		HideSolutionNode = FALSE
	EndGlobalSection
	GlobalSection(ExtensibilityGlobals) = postSolution
		SolutionGuid = {19E2AAAD-EDFB-400A-8F0F-40A8E5F1AE74}
	EndGlobalSection
EndGlobal
