
Microsoft Visual Studio Solution File, Format Version 12.00
# Visual Studio Version 17
VisualStudioVersion = 17.0.31912.275
MinimumVisualStudioVersion = 10.0.40219.1
Project("{FAE04EC0-301F-11D3-BF4B-00C04F79EFBC}") = "CreatureMorphs", "CreatureMorphs\CreatureMorphs.csproj", "{B3162692-EF0C-4376-B01C-9BDEBCE13BE7}"
EndProject
Global
	GlobalSection(SolutionConfigurationPlatforms) = preSolution
		Debug|Any CPU = Debug|Any CPU
		Release|Any CPU = Release|Any CPU
	EndGlobalSection
	GlobalSection(ProjectConfigurationPlatforms) = postSolution
		{B3162692-EF0C-4376-B01C-9BDEBCE13BE7}.Debug|Any CPU.ActiveCfg = Debug|Any CPU
		{B3162692-EF0C-4376-B01C-9BDEBCE13BE7}.Debug|Any CPU.Build.0 = Debug|Any CPU
		{B3162692-EF0C-4376-B01C-9BDEBCE13BE7}.Release|Any CPU.ActiveCfg = Release|Any CPU
		{B3162692-EF0C-4376-B01C-9BDEBCE13BE7}.Release|Any CPU.Build.0 = Release|Any CPU
	EndGlobalSection
	GlobalSection(SolutionProperties) = preSolution
		HideSolutionNode = FALSE
	EndGlobalSection
	GlobalSection(ExtensibilityGlobals) = postSolution
		SolutionGuid = {B0398FAE-1871-4508-9679-60EB7B64B73C}
	EndGlobalSection
EndGlobal
