
Microsoft Visual Studio Solution File, Format Version 12.00
# Visual Studio Version 17
VisualStudioVersion = 17.0.31912.275
MinimumVisualStudioVersion = 10.0.40219.1
Project("{FAE04EC0-301F-11D3-BF4B-00C04F79EFBC}") = "ColorfulCreatures", "ColorfulCreatures\ColorfulCreatures.csproj", "{103642CB-4634-4227-B2EA-BE43ADB4C807}"
EndProject
Global
	GlobalSection(SolutionConfigurationPlatforms) = preSolution
		Debug|Any CPU = Debug|Any CPU
		Release|Any CPU = Release|Any CPU
	EndGlobalSection
	GlobalSection(ProjectConfigurationPlatforms) = postSolution
		{103642CB-4634-4227-B2EA-BE43ADB4C807}.Debug|Any CPU.ActiveCfg = Debug|Any CPU
		{103642CB-4634-4227-B2EA-BE43ADB4C807}.Debug|Any CPU.Build.0 = Debug|Any CPU
		{103642CB-4634-4227-B2EA-BE43ADB4C807}.Release|Any CPU.ActiveCfg = Release|Any CPU
		{103642CB-4634-4227-B2EA-BE43ADB4C807}.Release|Any CPU.Build.0 = Release|Any CPU
	EndGlobalSection
	GlobalSection(SolutionProperties) = preSolution
		HideSolutionNode = FALSE
	EndGlobalSection
	GlobalSection(ExtensibilityGlobals) = postSolution
		SolutionGuid = {07DCF04A-17D4-4198-87C1-E73B8AE16354}
	EndGlobalSection
EndGlobal
